
Microsoft Visual Studio Solution File, Format Version 12.00
# Visual Studio 2012
Project("{FAE04EC0-301F-11D3-BF4B-00C04F79EFBC}") = "BowlingScorer", "BowlingScorer\BowlingScorer.csproj", "{10782A24-EF27-46B2-99AC-16A4EFCC4688}"
EndProject
Project("{FAE04EC0-301F-11D3-BF4B-00C04F79EFBC}") = "UnitTestBowlingScorer", "UnitTestBowlingScorer\UnitTestBowlingScorer.csproj", "{119CB7EC-E5E1-485B-A147-8A30D22891EB}"
EndProject
Global
	GlobalSection(SolutionConfigurationPlatforms) = preSolution
		Debug|Any CPU = Debug|Any CPU
		Release|Any CPU = Release|Any CPU
	EndGlobalSection
	GlobalSection(ProjectConfigurationPlatforms) = postSolution
		{10782A24-EF27-46B2-99AC-16A4EFCC4688}.Debug|Any CPU.ActiveCfg = Debug|Any CPU
		{10782A24-EF27-46B2-99AC-16A4EFCC4688}.Debug|Any CPU.Build.0 = Debug|Any CPU
		{10782A24-EF27-46B2-99AC-16A4EFCC4688}.Release|Any CPU.ActiveCfg = Release|Any CPU
		{10782A24-EF27-46B2-99AC-16A4EFCC4688}.Release|Any CPU.Build.0 = Release|Any CPU
		{119CB7EC-E5E1-485B-A147-8A30D22891EB}.Debug|Any CPU.ActiveCfg = Debug|Any CPU
		{119CB7EC-E5E1-485B-A147-8A30D22891EB}.Debug|Any CPU.Build.0 = Debug|Any CPU
		{119CB7EC-E5E1-485B-A147-8A30D22891EB}.Release|Any CPU.ActiveCfg = Release|Any CPU
		{119CB7EC-E5E1-485B-A147-8A30D22891EB}.Release|Any CPU.Build.0 = Release|Any CPU
	EndGlobalSection
	GlobalSection(SolutionProperties) = preSolution
		HideSolutionNode = FALSE
	EndGlobalSection
EndGlobal
